hash: 5cb639f12f77ca1b5f3e4f72e983bfafc8a5b95529f5254c5f47cb00bb17638a
updated: 2018-08-04T14:15:58.743880587+02:00
imports:
- name: github.com/adjust/rmq
  version: 150bed51c75ffda9ee0665b68a883a2bdcc137f5
- name: github.com/agrison/go-tablib
  version: 4930582c22eec7bfc0e5b47e0246d5048a78fe49
- name: github.com/alexcesaro/statsd
  version: 7fea3f0d2fab1ad973e641e51dba45443a311a90
- name: github.com/andybalholm/cascadia
  version: 901648c87902174f774fac311d7f176f8647bdaa
- name: github.com/aws/aws-sdk-go
  version: 83ff128208cf7df8f4e56c1f9c2a89133767da04
  subpackages:
  - aws
  - aws/awserr
  - aws/awsutil
  - aws/client
  - aws/client/metadata
  - aws/corehandlers
  - aws/credentials
  - aws/credentials/ec2rolecreds
  - aws/credentials/endpointcreds
  - aws/credentials/stscreds
  - aws/csm
  - aws/defaults
  - aws/ec2metadata
  - aws/endpoints
  - aws/request
  - aws/session
  - aws/signer/v4
  - internal/sdkio
  - internal/sdkrand
  - internal/sdkuri
  - internal/shareddefaults
  - private/protocol
  - private/protocol/json/jsonutil
  - private/protocol/jsonrpc
  - private/protocol/query
  - private/protocol/query/queryutil
  - private/protocol/rest
  - private/protocol/xml/xmlutil
  - service/dynamodb
  - service/dynamodb/dynamodbattribute
  - service/sts
- name: github.com/betacraft/yaag
  version: 67962f4b77581a1ab1e3492ff26add2c20d29def
  subpackages:
  - echo
  - filters
  - gin
  - irisyaag
  - middleware
  - yaag
- name: github.com/blevesearch/bleve
  version: 8b6b5a3b4058e19055df8632e7538276ac61454c
  subpackages:
  - analysis
  - analysis/analyzer/custom
  - analysis/analyzer/keyword
  - analysis/analyzer/simple
  - analysis/analyzer/standard
  - analysis/char/regexp
  - analysis/datetime/flexible
  - analysis/datetime/optional
  - analysis/lang/en
  - analysis/token/lowercase
  - analysis/token/porter
  - analysis/token/stop
  - analysis/tokenizer/single
  - analysis/tokenizer/unicode
  - document
  - geo
  - index
  - index/scorch
  - index/scorch/mergeplan
  - index/scorch/segment
  - index/scorch/segment/zap
  - index/store
  - index/store/boltdb
  - index/store/gtreap
  - index/upsidedown
  - mapping
  - numeric
  - registry
  - search
  - search/collector
  - search/facet
  - search/highlight
  - search/highlight/format/html
  - search/highlight/fragmenter/simple
  - search/highlight/highlighter/html
  - search/highlight/highlighter/simple
  - search/query
  - search/scorer
  - search/searcher
  - size
- name: github.com/blevesearch/go-porterstemmer
  version: 23a2c8e5cf1f380f27722c6d2ae8896431dc7d0e
  repo: https://github.com/blevesearch/go-porterstemmer
- name: github.com/blevesearch/segment
  version: db70c57796cc8c310613541dfade3dce627d09c7
  repo: https://github.com/blevesearch/segment
- name: github.com/boltdb/bolt
  version: 9da31745363232bc1e27dbab3569e77383a51585
  repo: https://github.com/boltdb/bolt
- name: github.com/briandowns/spinner
  version: 5b875a9171af19dbde37e70a8fcbe2ebd7285e05
- name: github.com/c-bata/go-prompt
  version: aa7dc8bfd5983acb7cf8858d17b16b206a3d2f7d
- name: github.com/cep21/xdgbasedir
  version: 21470bfc93b9903bce0beaebb037b1d04d0be523
- name: github.com/clipperhouse/jargon
  version: 7483cd54261d76fde4764a05627ef085bd4423dc
  subpackages:
  - stackexchange
- name: github.com/containers/image
  version: 134f99bed228d6297dc01d152804f6f09f185418
  subpackages:
  - docker/reference
- name: github.com/couchbase/vellum
  version: d4af51308df0a8259faf1c746cb262a799c5df93
  subpackages:
  - levenshtein
  - regexp
  - utf8
- name: github.com/davecgh/go-spew
  version: 8991bc29aa16c548c550c7ff78260e27b9ab7c73
  subpackages:
  - spew
- name: github.com/deckarep/golang-set
  version: 504e848d77ea4752b3057b8fb46da0e7f746ccf3
- name: github.com/didip/tollbooth
  version: b10a036da5f05864224ee09432e489b32a6b2d1d
  subpackages:
  - limiter
- name: github.com/docker/cli
  version: b5768bea9b5f5d39aca1434ce096ab1abe3c79be
  subpackages:
  - templates
- name: github.com/docker/distribution
  version: 0dae0957e5fe3156c265d22bef4cba9efbf388e2
  subpackages:
  - context
  - digestset
  - manifest/schema2
  - notifications
  - reference
  - registry/client
- name: github.com/docker/docker
  version: eeea12db7a65e6ad633747e49928c80b0f18d86b
  subpackages:
  - api/types
  - image
  - reference
  - registry
- name: github.com/docker/engine-api
  version: 4290f40c056686fcaa5c9caf02eac1dde9315adf
  subpackages:
  - client
  - client/transport
  - client/transport/cancellable
  - types
  - types/blkiodev
  - types/container
  - types/filters
  - types/mount
  - types/network
  - types/reference
  - types/registry
  - types/strslice
  - types/swarm
  - types/time
  - types/versions
- name: github.com/docker/go-connections
  version: 7395e3f8aa162843a74ed6d48e79627d9792ac55
  subpackages:
  - nat
  - sockets
  - tlsconfig
- name: github.com/docker/go-units
  version: 47565b4f722fb6ceae66b95f853feed578a4a51c
- name: github.com/dsnet/compress
  version: cc9eb1d7ad760af14e8f918698f745e80377af4f
  subpackages:
  - brotli
  - internal
  - internal/errors
- name: github.com/dustin/go-humanize
  version: 9f541cc9db5d55bce703bd99987c9d5cb8eea45e
- name: github.com/edsrzf/mmap-go
  version: 0bce6a6887123b67a60366d2c9fe2dfb74289d2e
- name: github.com/elastic/beats
  version: b84e083625ec1039fab4fc6fb4b7f33efa90be22
  subpackages:
  - libbeat/beat
  - libbeat/common
  - libbeat/common/atomic
  - libbeat/common/cfgwarn
  - libbeat/common/dtfmt
  - libbeat/common/file
  - libbeat/common/fmtstr
  - libbeat/common/match
  - libbeat/common/streambuf
  - libbeat/common/transport/tlscommon
  - libbeat/conditions
  - libbeat/logp
  - libbeat/monitoring
  - libbeat/outputs
  - libbeat/outputs/codec
  - libbeat/outputs/elasticsearch
  - libbeat/outputs/outil
  - libbeat/outputs/transport
  - libbeat/paths
  - libbeat/plugin
  - libbeat/publisher
  - libbeat/testing
- name: github.com/elastic/go-structform
  version: e8ce0849067cafbc69de890b9a30ca21db653545
  subpackages:
  - gotype
  - internal/unsafe
  - json
  - visitors
- name: github.com/elastic/go-ucfg
  version: 34d44c181a43bd60730027e274daa2734e16a742
  subpackages:
  - cfgutil
  - flag
  - internal/parse
  - json
  - yaml
- name: github.com/fatih/color
  version: 2d684516a8861da43017284349b7e303e809ac21
- name: github.com/fatih/structs
  version: ebf56d35bba727c68ac77f56f2fcf90b181851aa
- name: github.com/ghetzel/argonaut
  version: 51604c68ce3090673b707db1e5ce8c7a22001478
- name: github.com/ghetzel/cli
  version: 881207768f6999d54cb543d7dc789c07e5160dd9
- name: github.com/ghetzel/diecast
  version: efac35e8c9989ffae6993e8dc4bce3537b5b1e52
  subpackages:
  - util
- name: github.com/ghetzel/friendscript
  version: 9c38ae895d7337c4c157326a72dd1fa08288b8e4
  subpackages:
  - commands/core
  - commands/file
  - commands/fmt
  - commands/utils
  - commands/vars
  - scripting
  - utils
- name: github.com/ghetzel/go-stockutil
  version: 0ccc4cd633243e4209ee47711113ae7a7d0ed6ab
  subpackages:
  - colorutil
  - httputil
  - log
  - maputil
  - mathutil
  - pathutil
  - rxutil
  - sliceutil
  - stringutil
  - timeutil
  - typeutil
  - utils
- name: github.com/ghetzel/go-webfriend
  version: 384fa831257f0ca3a8cb6410d7c809504e642925
  subpackages:
  - browser
  - commands/assert
  - commands/cookies
  - commands/core
  - commands/page
  - utils
- name: github.com/ghetzel/pivot
  version: 3a5fbf538b33bdae0546281b1c655ff5e1a2d743
  subpackages:
  - backends
  - dal
  - filter
  - filter/generators
  - mapper
  - util
- name: github.com/ghetzel/uuid
  version: dec09d789f3dba190787f8b4454c7d3c936fed9e
- name: github.com/ghodss/yaml
  version: e9ed3c6dfb39bb1a32197cb10d527906fe4da4b6
- name: github.com/glycerine/go-unsnap-stream
  version: 9f0cb55181dd3a0a4c168d3dbc72d4aca4853126
- name: github.com/go-ini/ini
  version: d58d458bec3cb5adec4b7ddb41131855eac0b33f
- name: github.com/go-sql-driver/mysql
  version: 99ff426eb706cffe92ff3d058e168b278cabf7c7
- name: github.com/gobwas/glob
  version: f00a7392b43971b2fdb562418faab1f18da2067a
  subpackages:
  - compiler
  - match
  - syntax
  - syntax/ast
  - syntax/lexer
  - util/runes
  - util/strings
- name: github.com/gogo/protobuf
  version: baf2ea5cdb7ce2d399176f925052690c3dad1f56
  subpackages:
  - jsonpb
  - proto
  - proto
  - protoc-gen-combo/descriptor
  - protoc-gen-go/descriptor
  - protoc-gen-gofast/descriptor
  - protoc-gen-gogo/descriptor
  - protoc-gen-gogofaster/descriptor
  - sortkeys
  - types
  - version
- name: github.com/golang/crypto
  version: 56440b844dfe139a8ac053f4ecac0b20b79058f4
  subpackages:
  - acme/autocert
- name: github.com/golang/protobuf
  version: b4deda0973fb4c70b50d226b1af49f3da59f5265
  vcs: git
  subpackages:
  - descriptor
  - jsonpb
  - proto
  - proto
  - protoc-gen-go
  - protoc-gen-go/descriptor
  - ptypes/any
  - ptypes/duration
  - ptypes/empty
  - ptypes/struct
  - ptypes/timestamp
  - ptypes/wrappers
- name: github.com/golang/snappy
  version: 2e65f85255dbc3072edf28d6b5b8efc472979f5a
- name: github.com/google/go-github
  version: 530b7c552e7576b823c5a3534b6f181ae4340591
  subpackages:
  - github
- name: github.com/gorilla/websocket
  version: 5ed622c449da6d44c3c8329331ff47a9e5844f71
- name: github.com/gregjones/httpcache
  version: 9cad4c3443a7200dd6400aef47183728de563a38
  subpackages:
  - diskcache
  - leveldbcache
  - memcache
  - redis
- name: github.com/grokify/html-strip-tags-go
  version: 3f8856873ce5730282807732a0413fcf7c98cc58
- name: github.com/hashicorp/errwrap
  version: d6c0cd88035724dd42e0f335ae30161c20575ecc
- name: github.com/hashicorp/go-multierror
  version: 3d5d8f294aa03d8e98859feac328afbdf1ae0703
- name: github.com/hashicorp/golang-lru
  version: 0fb14efe8c47ae851c0034ed7a448854d3d34cf3
  subpackages:
  - simplelru
- name: github.com/hoop33/entrevista
  version: 419a1a2be5540cc6d77b54236bea2fdff096c993
- name: github.com/howeyc/gopass
  version: bf9dde6d0d2c004a008c27aaee91170c786f6db8
- name: github.com/husobee/vestigo
  version: 93943aff3f8014c2740dd95ac5db602462162bbe
- name: github.com/iris-contrib/go.uuid
  version: 36e9d2ebbde5e3f13ab2e25625fd453271d6522e
- name: github.com/jbenet/go-base58
  version: 6237cf65f3a6f7111cd8a42be3590df99a66bc7d
- name: github.com/jdkato/prose
  version: 99216ea17cba4e2f2a4e8bca778643e5a529b7aa
  subpackages:
  - internal/util
  - tokenize
- name: github.com/jdxcode/netrc
  version: e1a19c977509b96a5c76996dec63ab5aac67c38c
- name: github.com/jinzhu/configor
  version: 4edaf76fe18865e36de734d887f4c01bd05707af
- name: github.com/jinzhu/gorm
  version: 409121d9e394922787885b001d148a05e3a42b6c
  subpackages:
  - dialects/mssql
  - dialects/mysql
  - dialects/postgres
  - dialects/sqlite
- name: github.com/jinzhu/inflection
  version: 04140366298a54a039076d798123ffa108fff46c
- name: github.com/jmespath/go-jmespath
  version: c2b33e8439af944379acbdd9c3a5fe0bc44bd8a5
- name: github.com/joeshaw/multierror
  version: 69b34d4ec901851247ae7e77d33909caf9df99ed
- name: github.com/julienschmidt/httprouter
  version: 348b672cd90d8190f8240323e372ecd1e66b59dc
- name: github.com/k0kubun/pp
  version: e057ee7a28277be4d2af303443b6da377768181f
- name: github.com/kelvins/sunrisesunset
  version: 14f1915ad4b4fc68cdf3c144e39293993e21c67c
- name: github.com/lib/pq
  version: 90697d60dd844d5ef6ff15135d0203f65d2f53b8
  subpackages:
  - hstore
  - oid
- name: github.com/mafredri/cdp
  version: 5b6b2a4e9e17eb54346910dedf7fbed0530bed06
  subpackages:
  - devtool
  - internal/errors
  - protocol
  - protocol/accessibility
  - protocol/animation
  - protocol/applicationcache
  - protocol/audits
  - protocol/browser
  - protocol/cachestorage
  - protocol/console
  - protocol/css
  - protocol/database
  - protocol/debugger
  - protocol/deviceorientation
  - protocol/dom
  - protocol/domdebugger
  - protocol/domsnapshot
  - protocol/domstorage
  - protocol/emulation
  - protocol/headlessexperimental
  - protocol/heapprofiler
  - protocol/indexeddb
  - protocol/input
  - protocol/inspector
  - protocol/internal
  - protocol/io
  - protocol/layertree
  - protocol/log
  - protocol/memory
  - protocol/network
  - protocol/overlay
  - protocol/page
  - protocol/performance
  - protocol/profiler
  - protocol/runtime
  - protocol/schema
  - protocol/security
  - protocol/serviceworker
  - protocol/storage
  - protocol/systeminfo
  - protocol/target
  - protocol/tethering
  - protocol/tracing
  - rpcc
- name: github.com/mailgun/manners
  version: df18ed182a6091325f32554ad705e35a7309d2f7
- name: github.com/mailru/easyjson
  version: 03f2033d19d5860aef995fe360ac7d395cd8ce65
  subpackages:
  - buffer
  - jlexer
  - jwriter
- name: github.com/markbates/goth
  version: 5fad70a91bce59cc5ff8a84c01e1da5f49f31e6b
  subpackages:
  - providers/amazon
  - providers/auth0
  - providers/bitbucket
  - providers/box
  - providers/dailymotion
  - providers/deezer
  - providers/digitalocean
  - providers/discord
  - providers/dropbox
  - providers/facebook
  - providers/fitbit
  - providers/github
  - providers/gitlab
  - providers/gplus
  - providers/heroku
  - providers/instagram
  - providers/intercom
  - providers/lastfm
  - providers/linkedin
  - providers/meetup
  - providers/onedrive
  - providers/openidConnect
  - providers/paypal
  - providers/salesforce
  - providers/slack
  - providers/soundcloud
  - providers/spotify
  - providers/steam
  - providers/stripe
  - providers/twitch
  - providers/twitter
  - providers/uber
  - providers/wepay
  - providers/xero
  - providers/yahoo
  - providers/yammer
- name: github.com/markbates/grift
  version: 85236aece32302d564c0cbccffc5bdb52a4f9f22
  subpackages:
  - cmd
- name: github.com/Masterminds/vcs
  version: df81cd881f84b6bd2ed4e35cd16d41a4ff9ece17
- name: github.com/mattes/migrate
  version: 4768a648fbd9e04389a73a21139d14a4ccb1a61a
  subpackages:
  - database/mysql
  - source/file
- name: github.com/mattn/go-colorable
  version: efa589957cd060542a26d2dd7832fd6a6c6c3ade
- name: github.com/mattn/go-isatty
  version: 6ca4dbf54d38eea1a992b3c722a76a5d1c4cb25c
- name: github.com/mattn/go-runewidth
  version: ce7b0b5c7b45a81508558cd1dba6bb1e4ddb51bb
- name: github.com/mattn/go-sqlite3
  version: b3511bfdd742af558b54eb6160aca9446d762a19
- name: github.com/mattn/go-tty
  version: 931426f7535ac39720c8909d70ece5a41a2502a6
- name: github.com/mcuadros/go-defaults
  version: e1c978be3307be96ef03a0bd25d719ab50d277e4
- name: github.com/microcosm-cc/bluemonday
  version: dafebb5b6ff2861a0d69af64991e10866c19be85
- name: github.com/Microsoft/go-winio
  version: a6d595ae73cf27a1b8fc32930668708f45ce1c85
- name: github.com/mitchellh/go-ps
  version: 4fdf99ab29366514c69ccccddab5dc58b8d84062
- name: github.com/mitchellh/mapstructure
  version: f15292f7a699fcc1a38a80977f80a046874ba8ac
- name: github.com/montanaflynn/stats
  version: 07668e8400fed7e285b3a844b88bda8d565b52a3
- name: github.com/mschoch/smat
  version: 90eadee771aeab36e8bf796039b8c261bebebe4f
- name: github.com/nats-io/go-nats
  version: ff578ff05d4180a259da6d729af7b55285d24b78
- name: github.com/olivere/elastic
  version: 3a15a1301c4bf0bb5a4eb3f5a65331912ae25ef0
- name: github.com/op/go-logging
  version: 970db520ece77730c7e4724c61121037378659d9
- name: github.com/opencontainers/go-digest
  version: c9281466c8b2f606084ac71339773efd177436e7
- name: github.com/optiopay/kafka
  version: b5e5fe66bd667f1f6f9ca445b191d7aff4180be3
  subpackages:
  - proto
- name: github.com/orcaman/concurrent-map
  version: b28018939af9022337862b94a463abb18abb3e0e
- name: github.com/peterbourgon/diskv
  version: 0646ccaebea1ed1539efcab30cae44019090093f
- name: github.com/phayes/freeport
  version: e27662a4a9d6b2083dfd7e7b5d0e30985daca925
- name: github.com/philhofer/fwd
  version: bb6d471dc95d4fe11e432687f8b70ff496cf3136
- name: github.com/pkg/errors
  version: 816c9085562cd7ee03e7f8188a1cfd942858cded
- name: github.com/pkg/term
  version: bffc007b7fd5a70e20e28f5b7649bb84671ef436
  subpackages:
  - termios
- name: github.com/PuerkitoBio/goquery
  version: dc2ec5c7ca4d9aae063b79b9f581dd3ea6afd2b2
- name: github.com/RoaringBitmap/roaring
  version: 01d244c43a7e8d1191a4f369f5908ea9eb9bc9ac
  repo: https://github.com/RoaringBitmap/roaring
- name: github.com/russross/blackfriday
  version: 46c73eb196baff5bb07288f245b223bd1a30fba6
- name: github.com/satori/go.uuid
  version: 36e9d2ebbde5e3f13ab2e25625fd453271d6522e
- name: github.com/segmentio/ksuid
  version: a8437582dced442605405b80b2c5a7c3929fdfb3
- name: github.com/sirupsen/logrus
  version: d329d24db4313262a3b0a24d8aeb1dc4bd294fb0
- name: github.com/skratchdot/open-golang
  version: 75fb7ed4208cf72d323d7d02fd1a5964a7a9073c
  subpackages:
  - open
- name: github.com/sniperkit/jargon
  version: 2670a4f6bcecd796dbfcc45a8ebeb997fcaa1134
  subpackages:
  - stackexchange
- name: github.com/spaolacci/murmur3
  version: f09979ecbc725b9e6d41a297405f65e7e8804acc
- name: github.com/spf13/cobra
  version: 7c4570c3ebeb8129a1f7456d0908a8b676b6f9f1
- name: github.com/spf13/viper
  version: 907c19d40d9a6c9bb55f040ff4ae45271a4754b9
- name: github.com/steveyen/gtreap
  version: 0abe01ef9be25c4aedc174758ec2d917314d6d70
  repo: https://github.com/steveyen/gtreap
- name: github.com/tinrab/retry
  version: 6e221d76031c215812b61a0204eb9a4b27629420
- name: github.com/tinylib/msgp
  version: 53e4ad1e134ee9b42a7add28ca77177ab17983b3
  subpackages:
  - msgp
- name: github.com/urfave/negroni
  version: 95cb1ffd0769d77c3a2233a260452e85dadc44dc
- name: github.com/willf/bitset
  version: 2e6e8094ef4745224150c88c16191c7dceaad16f
  repo: https://github.com/willf/bitset
- name: github.com/xanzy/go-gitlab
  version: af28ecc530599f542dee9a748c4a8e3a22ae4659
- name: github.com/xyproto/permissionbolt
  version: 3025da175761b09da0f0c810f83ee7212e86a075
- name: github.com/xyproto/permissions2
  version: 7e95477c484b72d97d3967aa298a98c8210b8cf6
- name: github.com/xyproto/recwatch
  version: fff9aff58e1562cfed913f2b3d35291123ffd9f7
- name: github.com/xyproto/siteengines
  version: 1cdc99cc82e0baab4925e7541e21bb9f61963784
- name: github.com/xyproto/workingdir
  version: f48f4917bc24356d48279313d3e8d92edebc1dc1
- name: github.com/yosssi/gohtml
  version: 97fbf36f4aa81f723d0530f5495a820ba267ae5f
- name: go.uber.org/atomic
  version: 1ea20fb1cbb1cc08cbd0d913a96dead89aa18289
- name: go.uber.org/multierr
  version: 3c4937480c32f4c13a875a1829af76c98ca3d40a
- name: go.uber.org/zap
  version: 1f8c4cad1e0417712b7d9f130a17b11eba6c8317
  subpackages:
  - buffer
  - internal/bufferpool
  - internal/color
  - internal/exit
  - zapcore
  - zaptest/observer
- name: golang.org/x/net
  version: f4c29de78a2a91c00474a2e689954305c350adf9
  subpackages:
  - context
  - html
  - html/atom
  - internal/socks
  - proxy
- name: golang.org/x/oauth2
  version: 3d292e4d0cdc3a0113e6d207bb137145ef1de42f
- name: golang.org/x/sys
  version: 0ffbfd41fbef8ffcf9b62b0b0aa3a5873ed7a4fe
  subpackages:
  - unix
  - windows
  - windows/registry
  - windows/svc/eventlog
- name: google.golang.org/appengine
  version: 4216e58b9158e5f1c906f1aca75162a46a2ec88a
  subpackages:
  - cloudsql
- name: gopkg.in/mgo.v2
  version: 9856a29383ce1c59f308dd1cf0363a79b5bef6b5
  subpackages:
  - bson
  - internal/json
  - internal/sasl
  - internal/scram
- name: gopkg.in/neurosnap/sentences.v1
  version: a7f18ead1433a139742a8b42ce7a059cfb484d60
  subpackages:
  - data
- name: gopkg.in/olivere/elastic.v2
  version: 2cd27b9ae892f6b4dd8dd6d73489797c99e9c6fa
- name: gopkg.in/olivere/elastic.v3
  version: 2e44df9ab69c95a7da9e6f62728216a9e3553ed5
- name: gopkg.in/olivere/elastic.v5
  version: 855c1d1cfe643d4b57735e0be688d080f419bf4a
  subpackages:
  - config
  - uritemplates
- name: gopkg.in/yaml.v2
  version: 5420a8b6744d3b0345ab293f6fcba19c978f1183
testImports:
- name: github.com/pmezard/go-difflib
  version: 792786c7400a136282c1664665ae0a8db921c6c2
  subpackages:
  - difflib
- name: github.com/stretchr/testify
  version: f35b8ab0b5a2cef36673838d662e249dd9c94686
  subpackages:
  - assert
  - require
- name: gopkg.in/check.v1
  version: 788fd78401277ebd861206a03c884797c6ec5541
