hash: 0bf57e741adf1bee6ab196ebda7c1c4e0916709380988e24b3636fe259a7cffb
updated: 2018-08-04T14:04:08.72725477Z
imports:
- name: github.com/adjust/rmq
  version: 150bed51c75ffda9ee0665b68a883a2bdcc137f5
- name: github.com/agrison/go-tablib
  version: 4930582c22eec7bfc0e5b47e0246d5048a78fe49
- name: github.com/alexcesaro/statsd
  version: 7fea3f0d2fab1ad973e641e51dba45443a311a90
- name: github.com/aws/aws-sdk-go
  version: 83ff128208cf7df8f4e56c1f9c2a89133767da04
  subpackages:
  - aws
  - aws/awserr
  - aws/credentials
  - aws/session
  - service/dynamodb
  - service/dynamodb/dynamodbattribute
- name: github.com/Azareal/gopsutil
  version: 0763ca4e911da45c5cf1ee4c02c615e4eba36339
- name: github.com/betacraft/yaag
  version: 67962f4b77581a1ab1e3492ff26add2c20d29def
  subpackages:
  - echo
  - filters
  - gin
  - irisyaag
  - middleware
  - yaag
- name: github.com/blevesearch/bleve
  version: 8b6b5a3b4058e19055df8632e7538276ac61454c
  subpackages:
  - analysis/analyzer/custom
  - analysis/analyzer/keyword
  - analysis/analyzer/simple
  - analysis/analyzer/standard
  - analysis/char/regexp
  - analysis/datetime/optional
  - analysis/lang/en
  - analysis/token/lowercase
  - analysis/tokenizer/single
  - document
  - mapping
  - search/query
- name: github.com/briandowns/spinner
  version: 5b875a9171af19dbde37e70a8fcbe2ebd7285e05
- name: github.com/BurntSushi/toml
  version: a368813c5e648fee92e5f6c30e3944ff9d5e8895
- name: github.com/cep21/xdgbasedir
  version: 21470bfc93b9903bce0beaebb037b1d04d0be523
- name: github.com/ckaznocha/taggraph
  version: c8b73cac4a55f757e8085691130649045aaae0a2
- name: github.com/clipperhouse/jargon
  version: 7483cd54261d76fde4764a05627ef085bd4423dc
  subpackages:
  - stackexchange
- name: github.com/containers/image
  version: 134f99bed228d6297dc01d152804f6f09f185418
  subpackages:
  - docker/reference
- name: github.com/deckarep/golang-set
  version: 504e848d77ea4752b3057b8fb46da0e7f746ccf3
- name: github.com/denisenkom/go-mssqldb
  version: 242fa5aa1b45aeb9fcdfeee88822982e3f548e22
- name: github.com/didip/tollbooth
  version: b10a036da5f05864224ee09432e489b32a6b2d1d
  subpackages:
  - limiter
- name: github.com/docker/cli
  version: b5768bea9b5f5d39aca1434ce096ab1abe3c79be
  subpackages:
  - templates
- name: github.com/docker/distribution
  version: 0dae0957e5fe3156c265d22bef4cba9efbf388e2
  subpackages:
  - context
  - manifest/schema2
  - notifications
  - reference
  - registry/client
- name: github.com/docker/docker
  version: eeea12db7a65e6ad633747e49928c80b0f18d86b
  subpackages:
  - api/types
  - image
  - reference
  - registry
- name: github.com/docker/engine-api
  version: 4290f40c056686fcaa5c9caf02eac1dde9315adf
  subpackages:
  - client
  - types
  - types/container
  - types/reference
- name: github.com/dustin/go-humanize
  version: 9f541cc9db5d55bce703bd99987c9d5cb8eea45e
- name: github.com/elastic/beats
  version: b84e083625ec1039fab4fc6fb4b7f33efa90be22
  subpackages:
  - libbeat/beat
  - libbeat/common
  - libbeat/common/fmtstr
  - libbeat/outputs/elasticsearch
  - libbeat/outputs/outil
- name: github.com/esimov/caire
  version: ba7053bc524fead02f8d316a794dd412b867cdd2
- name: github.com/fatih/color
  version: 2d684516a8861da43017284349b7e303e809ac21
- name: github.com/fatih/structs
  version: ebf56d35bba727c68ac77f56f2fcf90b181851aa
- name: github.com/fsnotify/fsnotify
  version: c2828203cd70a50dcccfb2761f8b1f8ceef9a8e9
- name: github.com/ghetzel/cli
  version: 881207768f6999d54cb543d7dc789c07e5160dd9
- name: github.com/ghetzel/diecast
  version: efac35e8c9989ffae6993e8dc4bce3537b5b1e52
- name: github.com/ghetzel/go-stockutil
  version: 0ccc4cd633243e4209ee47711113ae7a7d0ed6ab
  subpackages:
  - httputil
  - log
  - maputil
  - pathutil
  - sliceutil
  - stringutil
  - timeutil
  - typeutil
- name: github.com/ghetzel/pivot
  version: 3a5fbf538b33bdae0546281b1c655ff5e1a2d743
  subpackages:
  - backends
  - dal
  - filter
  - filter/generators
  - mapper
  - util
- name: github.com/ghodss/yaml
  version: e9ed3c6dfb39bb1a32197cb10d527906fe4da4b6
- name: github.com/go-sql-driver/mysql
  version: 99ff426eb706cffe92ff3d058e168b278cabf7c7
- name: github.com/gogo/protobuf
  version: baf2ea5cdb7ce2d399176f925052690c3dad1f56
  subpackages:
  - jsonpb
  - proto
  - proto
  - protoc-gen-combo/descriptor
  - protoc-gen-go/descriptor
  - protoc-gen-gofast/descriptor
  - protoc-gen-gogo/descriptor
  - protoc-gen-gogofaster/descriptor
  - sortkeys
  - types
  - version
- name: github.com/golang/crypto
  version: 56440b844dfe139a8ac053f4ecac0b20b79058f4
  subpackages:
  - acme/autocert
  - argon2
  - bcrypt
- name: github.com/golang/protobuf
  version: b4deda0973fb4c70b50d226b1af49f3da59f5265
  vcs: git
  subpackages:
  - descriptor
  - jsonpb
  - proto
  - proto
  - protoc-gen-go
  - protoc-gen-go/descriptor
  - ptypes/any
  - ptypes/duration
  - ptypes/empty
  - ptypes/struct
  - ptypes/timestamp
  - ptypes/wrappers
- name: github.com/google/go-github
  version: 530b7c552e7576b823c5a3534b6f181ae4340591
  subpackages:
  - github
- name: github.com/gregjones/httpcache
  version: 9cad4c3443a7200dd6400aef47183728de563a38
  subpackages:
  - diskcache
  - leveldbcache
  - memcache
  - redis
- name: github.com/hashicorp/golang-lru
  version: 0fb14efe8c47ae851c0034ed7a448854d3d34cf3
- name: github.com/hoop33/entrevista
  version: 419a1a2be5540cc6d77b54236bea2fdff096c993
- name: github.com/howeyc/gopass
  version: bf9dde6d0d2c004a008c27aaee91170c786f6db8
- name: github.com/husobee/vestigo
  version: 93943aff3f8014c2740dd95ac5db602462162bbe
- name: github.com/iris-contrib/go.uuid
  version: 36e9d2ebbde5e3f13ab2e25625fd453271d6522e
- name: github.com/jbenet/go-base58
  version: 6237cf65f3a6f7111cd8a42be3590df99a66bc7d
- name: github.com/jdxcode/netrc
  version: e1a19c977509b96a5c76996dec63ab5aac67c38c
- name: github.com/jinzhu/configor
  version: 4edaf76fe18865e36de734d887f4c01bd05707af
- name: github.com/jinzhu/gorm
  version: 409121d9e394922787885b001d148a05e3a42b6c
  subpackages:
  - dialects/mssql
  - dialects/mysql
  - dialects/postgres
  - dialects/sqlite
- name: github.com/jinzhu/inflection
  version: 04140366298a54a039076d798123ffa108fff46c
- name: github.com/json-iterator/go
  version: 10a568c51178f31e41456cedaac7838e0f4f7360
- name: github.com/k0kubun/pp
  version: e057ee7a28277be4d2af303443b6da377768181f
- name: github.com/lib/pq
  version: 90697d60dd844d5ef6ff15135d0203f65d2f53b8
  subpackages:
  - hstore
  - oid
- name: github.com/mailgun/manners
  version: df18ed182a6091325f32554ad705e35a7309d2f7
- name: github.com/markbates/goth
  version: 5fad70a91bce59cc5ff8a84c01e1da5f49f31e6b
  subpackages:
  - providers/amazon
  - providers/auth0
  - providers/bitbucket
  - providers/box
  - providers/dailymotion
  - providers/deezer
  - providers/digitalocean
  - providers/discord
  - providers/dropbox
  - providers/facebook
  - providers/fitbit
  - providers/github
  - providers/gitlab
  - providers/gplus
  - providers/heroku
  - providers/instagram
  - providers/intercom
  - providers/lastfm
  - providers/linkedin
  - providers/meetup
  - providers/onedrive
  - providers/openidConnect
  - providers/paypal
  - providers/salesforce
  - providers/slack
  - providers/soundcloud
  - providers/spotify
  - providers/steam
  - providers/stripe
  - providers/twitch
  - providers/twitter
  - providers/uber
  - providers/wepay
  - providers/xero
  - providers/yahoo
  - providers/yammer
- name: github.com/markbates/grift
  version: 85236aece32302d564c0cbccffc5bdb52a4f9f22
  subpackages:
  - cmd
- name: github.com/Masterminds/vcs
  version: df81cd881f84b6bd2ed4e35cd16d41a4ff9ece17
- name: github.com/mattes/migrate
  version: 4768a648fbd9e04389a73a21139d14a4ccb1a61a
  subpackages:
  - database/mysql
  - source/file
- name: github.com/mattn/go-colorable
  version: efa589957cd060542a26d2dd7832fd6a6c6c3ade
- name: github.com/mattn/go-isatty
  version: 6ca4dbf54d38eea1a992b3c722a76a5d1c4cb25c
- name: github.com/mattn/go-sqlite3
  version: b3511bfdd742af558b54eb6160aca9446d762a19
- name: github.com/nats-io/go-nats
  version: ff578ff05d4180a259da6d729af7b55285d24b78
- name: github.com/olivere/elastic
  version: 3a15a1301c4bf0bb5a4eb3f5a65331912ae25ef0
- name: github.com/opencontainers/go-digest
  version: c9281466c8b2f606084ac71339773efd177436e7
- name: github.com/optiopay/kafka
  version: b5e5fe66bd667f1f6f9ca445b191d7aff4180be3
  subpackages:
  - proto
- name: github.com/orcaman/concurrent-map
  version: b28018939af9022337862b94a463abb18abb3e0e
- name: github.com/peterbourgon/diskv
  version: 0646ccaebea1ed1539efcab30cae44019090093f
- name: github.com/pkg/errors
  version: 816c9085562cd7ee03e7f8188a1cfd942858cded
- name: github.com/segmentio/ksuid
  version: a8437582dced442605405b80b2c5a7c3929fdfb3
- name: github.com/sirupsen/logrus
  version: d329d24db4313262a3b0a24d8aeb1dc4bd294fb0
- name: github.com/skratchdot/open-golang
  version: 75fb7ed4208cf72d323d7d02fd1a5964a7a9073c
  subpackages:
  - open
- name: github.com/sniperkit/jargon
  version: 2670a4f6bcecd796dbfcc45a8ebeb997fcaa1134
  subpackages:
  - stackexchange
- name: github.com/spf13/cobra
  version: 7c4570c3ebeb8129a1f7456d0908a8b676b6f9f1
- name: github.com/spf13/viper
  version: 907c19d40d9a6c9bb55f040ff4ae45271a4754b9
- name: github.com/StackExchange/wmi
  version: b12b22c5341f0c26d88c4d66176330500e84db68
- name: github.com/tinrab/retry
  version: 6e221d76031c215812b61a0204eb9a4b27629420
- name: github.com/urfave/negroni
  version: 95cb1ffd0769d77c3a2233a260452e85dadc44dc
- name: github.com/xanzy/go-gitlab
  version: af28ecc530599f542dee9a748c4a8e3a22ae4659
- name: github.com/xyproto/permissionbolt
  version: 3025da175761b09da0f0c810f83ee7212e86a075
- name: github.com/xyproto/permissions2
  version: 7e95477c484b72d97d3967aa298a98c8210b8cf6
- name: github.com/xyproto/recwatch
  version: fff9aff58e1562cfed913f2b3d35291123ffd9f7
- name: github.com/xyproto/siteengines
  version: 1cdc99cc82e0baab4925e7541e21bb9f61963784
- name: github.com/xyproto/workingdir
  version: f48f4917bc24356d48279313d3e8d92edebc1dc1
- name: golang.org/x/net
  version: f4c29de78a2a91c00474a2e689954305c350adf9
  subpackages:
  - context
  - html
  - html/atom
- name: golang.org/x/oauth2
  version: 3d292e4d0cdc3a0113e6d207bb137145ef1de42f
- name: golang.org/x/sys
  version: 0ffbfd41fbef8ffcf9b62b0b0aa3a5873ed7a4fe
  subpackages:
  - unix
- name: google.golang.org/appengine
  version: 4216e58b9158e5f1c906f1aca75162a46a2ec88a
  subpackages:
  - cloudsql
- name: gopkg.in/mgo.v2
  version: 9856a29383ce1c59f308dd1cf0363a79b5bef6b5
  subpackages:
  - bson
- name: gopkg.in/olivere/elastic.v2
  version: 2cd27b9ae892f6b4dd8dd6d73489797c99e9c6fa
- name: gopkg.in/olivere/elastic.v3
  version: 2e44df9ab69c95a7da9e6f62728216a9e3553ed5
- name: gopkg.in/olivere/elastic.v5
  version: 855c1d1cfe643d4b57735e0be688d080f419bf4a
- name: gopkg.in/sourcemap.v1
  version: 6e83acea0053641eff084973fee085f0c193c61a
- name: gopkg.in/yaml.v2
  version: 5420a8b6744d3b0345ab293f6fcba19c978f1183
testImports:
- name: github.com/docker/go-connections
  version: 7395e3f8aa162843a74ed6d48e79627d9792ac55
  subpackages:
  - nat
- name: github.com/stretchr/testify
  version: f35b8ab0b5a2cef36673838d662e249dd9c94686
  subpackages:
  - require
- name: gopkg.in/check.v1
  version: 788fd78401277ebd861206a03c884797c6ec5541
